// !$*UTF8*$!
{
	archiveVersion = 1;
	classes = {
	};
	objectVersion = 48;
	objects = {

/* Begin PBXBuildFile section */
		209B29311FFD383B003D2BD6 /* AppDelegate.swift in Sources */ = {isa = PBXBuildFile; fileRef = 209B29301FFD383B003D2BD6 /* AppDelegate.swift */; };
		209B29331FFD383B003D2BD6 /* ViewController.swift in Sources */ = {isa = PBXBuildFile; fileRef = 209B29321FFD383B003D2BD6 /* ViewController.swift */; };
		209B29361FFD383B003D2BD6 /* Main.storyboard in Resources */ = {isa = PBXBuildFile; fileRef = 209B29341FFD383B003D2BD6 /* Main.storyboard */; };
		209B29381FFD383B003D2BD6 /* Assets.xcassets in Resources */ = {isa = PBXBuildFile; fileRef = 209B29371FFD383B003D2BD6 /* Assets.xcassets */; };
		209B293B1FFD383B003D2BD6 /* LaunchScreen.storyboard in Resources */ = {isa = PBXBuildFile; fileRef = 209B29391FFD383B003D2BD6 /* LaunchScreen.storyboard */; };
		209B295B1FFD3BF9003D2BD6 /* SQLite.framework in Frameworks */ = {isa = PBXBuildFile; fileRef = 209B294D1FFD3BD3003D2BD6 /* SQLite.framework */; };
		209B295C1FFD3C0D003D2BD6 /* SQLite.framework in Frameworks */ = {isa = PBXBuildFile; fileRef = 209B294D1FFD3BD3003D2BD6 /* SQLite.framework */; };
		209B295D1FFD3C0D003D2BD6 /* SQLite.framework in Embed Frameworks */ = {isa = PBXBuildFile; fileRef = 209B294D1FFD3BD3003D2BD6 /* SQLite.framework */; settings = {ATTRIBUTES = (CodeSignOnCopy, RemoveHeadersOnCopy, ); }; };
/* End PBXBuildFile section */

/* Begin PBXContainerItemProxy section */
		209B294C1FFD3BD3003D2BD6 /* PBXContainerItemProxy */ = {
			isa = PBXContainerItemProxy;
			containerPortal = 209B29421FFD3BD3003D2BD6 /* SQLite.xcodeproj */;
			proxyType = 2;
			remoteGlobalIDString = EE247AD31C3F04ED00AE3E12;
			remoteInfo = "SQLite iOS";
		};
		209B294E1FFD3BD3003D2BD6 /* PBXContainerItemProxy */ = {
			isa = PBXContainerItemProxy;
			containerPortal = 209B29421FFD3BD3003D2BD6 /* SQLite.xcodeproj */;
			proxyType = 2;
			remoteGlobalIDString = EE247ADD1C3F04ED00AE3E12;
			remoteInfo = "SQLiteTests iOS";
		};
		209B29501FFD3BD3003D2BD6 /* PBXContainerItemProxy */ = {
			isa = PBXContainerItemProxy;
			containerPortal = 209B29421FFD3BD3003D2BD6 /* SQLite.xcodeproj */;
			proxyType = 2;
			remoteGlobalIDString = EE247B3C1C3F3ED000AE3E12;
			remoteInfo = "SQLite Mac";
		};
		209B29521FFD3BD3003D2BD6 /* PBXContainerItemProxy */ = {
			isa = PBXContainerItemProxy;
			containerPortal = 209B29421FFD3BD3003D2BD6 /* SQLite.xcodeproj */;
			proxyType = 2;
			remoteGlobalIDString = EE247B451C3F3ED000AE3E12;
			remoteInfo = "SQLiteTests Mac";
		};
		209B29541FFD3BD3003D2BD6 /* PBXContainerItemProxy */ = {
			isa = PBXContainerItemProxy;
			containerPortal = 209B29421FFD3BD3003D2BD6 /* SQLite.xcodeproj */;
			proxyType = 2;
			remoteGlobalIDString = 03A65E5A1C6BB0F50062603F;
			remoteInfo = "SQLite tvOS";
		};
		209B29561FFD3BD3003D2BD6 /* PBXContainerItemProxy */ = {
			isa = PBXContainerItemProxy;
			containerPortal = 209B29421FFD3BD3003D2BD6 /* SQLite.xcodeproj */;
			proxyType = 2;
			remoteGlobalIDString = 03A65E631C6BB0F60062603F;
			remoteInfo = "SQLiteTests tvOS";
		};
		209B29581FFD3BD3003D2BD6 /* PBXContainerItemProxy */ = {
			isa = PBXContainerItemProxy;
			containerPortal = 209B29421FFD3BD3003D2BD6 /* SQLite.xcodeproj */;
			proxyType = 2;
			remoteGlobalIDString = A121AC451CA35C79005A31D1;
			remoteInfo = "SQLite watchOS";
		};
		209B295E1FFD3C0D003D2BD6 /* PBXContainerItemProxy */ = {
			isa = PBXContainerItemProxy;
			containerPortal = 209B29421FFD3BD3003D2BD6 /* SQLite.xcodeproj */;
			proxyType = 1;
			remoteGlobalIDString = EE247AD21C3F04ED00AE3E12;
			remoteInfo = "SQLite iOS";
		};
		209B296B1FFD3F0B003D2BD6 /* PBXContainerItemProxy */ = {
			isa = PBXContainerItemProxy;
			containerPortal = 209B29611FFD3F0B003D2BD6 /* SQLite.xcodeproj */;
			proxyType = 2;
			remoteGlobalIDString = EE247AD31C3F04ED00AE3E12;
			remoteInfo = "SQLite iOS";
		};
		209B296D1FFD3F0B003D2BD6 /* PBXContainerItemProxy */ = {
			isa = PBXContainerItemProxy;
			containerPortal = 209B29611FFD3F0B003D2BD6 /* SQLite.xcodeproj */;
			proxyType = 2;
			remoteGlobalIDString = EE247ADD1C3F04ED00AE3E12;
			remoteInfo = "SQLiteTests iOS";
		};
		209B296F1FFD3F0B003D2BD6 /* PBXContainerItemProxy */ = {
			isa = PBXContainerItemProxy;
			containerPortal = 209B29611FFD3F0B003D2BD6 /* SQLite.xcodeproj */;
			proxyType = 2;
			remoteGlobalIDString = EE247B3C1C3F3ED000AE3E12;
			remoteInfo = "SQLite Mac";
		};
		209B29711FFD3F0B003D2BD6 /* PBXContainerItemProxy */ = {
			isa = PBXContainerItemProxy;
			containerPortal = 209B29611FFD3F0B003D2BD6 /* SQLite.xcodeproj */;
			proxyType = 2;
			remoteGlobalIDString = EE247B451C3F3ED000AE3E12;
			remoteInfo = "SQLiteTests Mac";
		};
		209B29731FFD3F0B003D2BD6 /* PBXContainerItemProxy */ = {
			isa = PBXContainerItemProxy;
			containerPortal = 209B29611FFD3F0B003D2BD6 /* SQLite.xcodeproj */;
			proxyType = 2;
			remoteGlobalIDString = 03A65E5A1C6BB0F50062603F;
			remoteInfo = "SQLite tvOS";
		};
		209B29751FFD3F0B003D2BD6 /* PBXContainerItemProxy */ = {
			isa = PBXContainerItemProxy;
			containerPortal = 209B29611FFD3F0B003D2BD6 /* SQLite.xcodeproj */;
			proxyType = 2;
			remoteGlobalIDString = 03A65E631C6BB0F60062603F;
			remoteInfo = "SQLiteTests tvOS";
		};
		209B29771FFD3F0B003D2BD6 /* PBXContainerItemProxy */ = {
			isa = PBXContainerItemProxy;
			containerPortal = 209B29611FFD3F0B003D2BD6 /* SQLite.xcodeproj */;
			proxyType = 2;
			remoteGlobalIDString = A121AC451CA35C79005A31D1;
			remoteInfo = "SQLite watchOS";
		};
/* End PBXContainerItemProxy section */

/* Begin PBXCopyFilesBuildPhase section */
		209B29601FFD3C0D003D2BD6 /* Embed Frameworks */ = {
			isa = PBXCopyFilesBuildPhase;
			buildActionMask = 2147483647;
			dstPath = "";
			dstSubfolderSpec = 10;
			files = (
				209B295D1FFD3C0D003D2BD6 /* SQLite.framework in Embed Frameworks */,
			);
			name = "Embed Frameworks";
			runOnlyForDeploymentPostprocessing = 0;
		};
/* End PBXCopyFilesBuildPhase section */

/* Begin PBXFileReference section */
		209B292D1FFD383B003D2BD6 /* SQLites.app */ = {isa = PBXFileReference; explicitFileType = wrapper.application; includeInIndex = 0; path = SQLites.app; sourceTree = BUILT_PRODUCTS_DIR; };
		209B29301FFD383B003D2BD6 /* AppDelegate.swift */ = {isa = PBXFileReference; lastKnownFileType = sourcecode.swift; path = AppDelegate.swift; sourceTree = "<group>"; };
		209B29321FFD383B003D2BD6 /* ViewController.swift */ = {isa = PBXFileReference; lastKnownFileType = sourcecode.swift; path = ViewController.swift; sourceTree = "<group>"; };
		209B29351FFD383B003D2BD6 /* Base */ = {isa = PBXFileReference; lastKnownFileType = file.storyboard; name = Base; path = Base.lproj/Main.storyboard; sourceTree = "<group>"; };
		209B29371FFD383B003D2BD6 /* Assets.xcassets */ = {isa = PBXFileReference; lastKnownFileType = folder.assetcatalog; path = Assets.xcassets; sourceTree = "<group>"; };
		209B293A1FFD383B003D2BD6 /* Base */ = {isa = PBXFileReference; lastKnownFileType = file.storyboard; name = Base; path = Base.lproj/LaunchScreen.storyboard; sourceTree = "<group>"; };
		209B293C1FFD383B003D2BD6 /* Info.plist */ = {isa = PBXFileReference; lastKnownFileType = text.plist.xml; path = Info.plist; sourceTree = "<group>"; };
		209B29421FFD3BD3003D2BD6 /* SQLite.xcodeproj */ = {isa = PBXFileReference; lastKnownFileType = "wrapper.pb-project"; name = SQLite.xcodeproj; path = "../../../../Downloads/SQLite.swift-master/SQLite.xcodeproj"; sourceTree = "<group>"; };
		209B29611FFD3F0B003D2BD6 /* SQLite.xcodeproj */ = {isa = PBXFileReference; lastKnownFileType = "wrapper.pb-project"; path = SQLite.xcodeproj; sourceTree = "<group>"; };
/* End PBXFileReference section */

/* Begin PBXFrameworksBuildPhase section */
		209B292A1FFD383B003D2BD6 /* Frameworks */ = {
			isa = PBXFrameworksBuildPhase;
			buildActionMask = 2147483647;
			files = (
				209B295C1FFD3C0D003D2BD6 /* SQLite.framework in Frameworks */,
				209B295B1FFD3BF9003D2BD6 /* SQLite.framework in Frameworks */,
			);
			runOnlyForDeploymentPostprocessing = 0;
		};
/* End PBXFrameworksBuildPhase section */

/* Begin PBXGroup section */
		209B29241FFD383A003D2BD6 = {
			isa = PBXGroup;
			children = (
				209B292F1FFD383B003D2BD6 /* SQLites */,
				209B292E1FFD383B003D2BD6 /* Products */,
				209B29421FFD3BD3003D2BD6 /* SQLite.xcodeproj */,
				209B295A1FFD3BF9003D2BD6 /* Frameworks */,
			);
			sourceTree = "<group>";
		};
		209B292E1FFD383B003D2BD6 /* Products */ = {
			isa = PBXGroup;
			children = (
				209B292D1FFD383B003D2BD6 /* SQLites.app */,
			);
			name = Products;
			sourceTree = "<group>";
		};
		209B292F1FFD383B003D2BD6 /* SQLites */ = {
			isa = PBXGroup;
			children = (
				209B29301FFD383B003D2BD6 /* AppDelegate.swift */,
				209B29321FFD383B003D2BD6 /* ViewController.swift */,
				209B29341FFD383B003D2BD6 /* Main.storyboard */,
				209B29371FFD383B003D2BD6 /* Assets.xcassets */,
				209B29391FFD383B003D2BD6 /* LaunchScreen.storyboard */,
				209B293C1FFD383B003D2BD6 /* Info.plist */,
			);
			path = SQLites;
			sourceTree = "<group>";
		};
		209B29431FFD3BD3003D2BD6 /* Products */ = {
			isa = PBXGroup;
			children = (
				209B294D1FFD3BD3003D2BD6 /* SQLite.framework */,
				209B294F1FFD3BD3003D2BD6 /* SQLiteTests iOS.xctest */,
				209B29511FFD3BD3003D2BD6 /* SQLite.framework */,
				209B29531FFD3BD3003D2BD6 /* SQLiteTests Mac.xctest */,
				209B29551FFD3BD3003D2BD6 /* SQLite.framework */,
				209B29571FFD3BD3003D2BD6 /* SQLiteTests tvOS.xctest */,
				209B29591FFD3BD3003D2BD6 /* SQLite.framework */,
			);
			name = Products;
			sourceTree = "<group>";
		};
		209B295A1FFD3BF9003D2BD6 /* Frameworks */ = {
			isa = PBXGroup;
			children = (
				209B29611FFD3F0B003D2BD6 /* SQLite.xcodeproj */,
			);
			name = Frameworks;
			sourceTree = "<group>";
		};
		209B29621FFD3F0B003D2BD6 /* Products */ = {
			isa = PBXGroup;
			children = (
				209B296C1FFD3F0B003D2BD6 /* SQLite.framework */,
				209B296E1FFD3F0B003D2BD6 /* SQLiteTests iOS.xctest */,
				209B29701FFD3F0B003D2BD6 /* SQLite.framework */,
				209B29721FFD3F0B003D2BD6 /* SQLiteTests Mac.xctest */,
				209B29741FFD3F0B003D2BD6 /* SQLite.framework */,
				209B29761FFD3F0B003D2BD6 /* SQLiteTests tvOS.xctest */,
				209B29781FFD3F0B003D2BD6 /* SQLite.framework */,
			);
			name = Products;
			sourceTree = "<group>";
		};
/* End PBXGroup section */

/* Begin PBXNativeTarget section */
		209B292C1FFD383B003D2BD6 /* SQLites */ = {
			isa = PBXNativeTarget;
			buildConfigurationList = 209B293F1FFD383B003D2BD6 /* Build configuration list for PBXNativeTarget "SQLites" */;
			buildPhases = (
				209B29291FFD383B003D2BD6 /* Sources */,
				209B292A1FFD383B003D2BD6 /* Frameworks */,
				209B292B1FFD383B003D2BD6 /* Resources */,
				209B29601FFD3C0D003D2BD6 /* Embed Frameworks */,
			);
			buildRules = (
			);
			dependencies = (
				209B295F1FFD3C0D003D2BD6 /* PBXTargetDependency */,
			);
			name = SQLites;
			productName = SQLite;
			productReference = 209B292D1FFD383B003D2BD6 /* SQLites.app */;
			productType = "com.apple.product-type.application";
		};
/* End PBXNativeTarget section */

/* Begin PBXProject section */
		209B29251FFD383A003D2BD6 /* Project object */ = {
			isa = PBXProject;
			attributes = {
				LastSwiftUpdateCheck = 0920;
				LastUpgradeCheck = 0920;
				ORGANIZATIONNAME = "Lucas Caron Albarello";
				TargetAttributes = {
					209B292C1FFD383B003D2BD6 = {
						CreatedOnToolsVersion = 9.2;
						ProvisioningStyle = Automatic;
					};
				};
			};
			buildConfigurationList = 209B29281FFD383A003D2BD6 /* Build configuration list for PBXProject "SQLites" */;
			compatibilityVersion = "Xcode 8.0";
			developmentRegion = en;
			hasScannedForEncodings = 0;
			knownRegions = (
				en,
				Base,
			);
			mainGroup = 209B29241FFD383A003D2BD6;
			productRefGroup = 209B292E1FFD383B003D2BD6 /* Products */;
			projectDirPath = "";
			projectReferences = (
				{
					ProductGroup = 209B29621FFD3F0B003D2BD6 /* Products */;
					ProjectRef = 209B29611FFD3F0B003D2BD6 /* SQLite.xcodeproj */;
				},
				{
					ProductGroup = 209B29431FFD3BD3003D2BD6 /* Products */;
					ProjectRef = 209B29421FFD3BD3003D2BD6 /* SQLite.xcodeproj */;
				},
			);
			projectRoot = "";
			targets = (
				209B292C1FFD383B003D2BD6 /* SQLites */,
			);
		};
/* End PBXProject section */

/* Begin PBXReferenceProxy section */
		209B294D1FFD3BD3003D2BD6 /* SQLite.framework */ = {
			isa = PBXReferenceProxy;
			fileType = wrapper.framework;
			path = SQLite.framework;
			remoteRef = 209B294C1FFD3BD3003D2BD6 /* PBXContainerItemProxy */;
			sourceTree = BUILT_PRODUCTS_DIR;
		};
		209B294F1FFD3BD3003D2BD6 /* SQLiteTests iOS.xctest */ = {
			isa = PBXReferenceProxy;
			fileType = wrapper.cfbundle;
			path = "SQLiteTests iOS.xctest";
			remoteRef = 209B294E1FFD3BD3003D2BD6 /* PBXContainerItemProxy */;
			sourceTree = BUILT_PRODUCTS_DIR;
		};
		209B29511FFD3BD3003D2BD6 /* SQLite.framework */ = {
			isa = PBXReferenceProxy;
			fileType = wrapper.framework;
			path = SQLite.framework;
			remoteRef = 209B29501FFD3BD3003D2BD6 /* PBXContainerItemProxy */;
			sourceTree = BUILT_PRODUCTS_DIR;
		};
		209B29531FFD3BD3003D2BD6 /* SQLiteTests Mac.xctest */ = {
			isa = PBXReferenceProxy;
			fileType = wrapper.cfbundle;
			path = "SQLiteTests Mac.xctest";
			remoteRef = 209B29521FFD3BD3003D2BD6 /* PBXContainerItemProxy */;
			sourceTree = BUILT_PRODUCTS_DIR;
		};
		209B29551FFD3BD3003D2BD6 /* SQLite.framework */ = {
			isa = PBXReferenceProxy;
			fileType = wrapper.framework;
			path = SQLite.framework;
			remoteRef = 209B29541FFD3BD3003D2BD6 /* PBXContainerItemProxy */;
			sourceTree = BUILT_PRODUCTS_DIR;
		};
		209B29571FFD3BD3003D2BD6 /* SQLiteTests tvOS.xctest */ = {
			isa = PBXReferenceProxy;
			fileType = wrapper.cfbundle;
			path = "SQLiteTests tvOS.xctest";
			remoteRef = 209B29561FFD3BD3003D2BD6 /* PBXContainerItemProxy */;
			sourceTree = BUILT_PRODUCTS_DIR;
		};
		209B29591FFD3BD3003D2BD6 /* SQLite.framework */ = {
			isa = PBXReferenceProxy;
			fileType = wrapper.framework;
			path = SQLite.framework;
			remoteRef = 209B29581FFD3BD3003D2BD6 /* PBXContainerItemProxy */;
			sourceTree = BUILT_PRODUCTS_DIR;
		};
		209B296C1FFD3F0B003D2BD6 /* SQLite.framework */ = {
			isa = PBXReferenceProxy;
			fileType = wrapper.framework;
			path = SQLite.framework;
			remoteRef = 209B296B1FFD3F0B003D2BD6 /* PBXContainerItemProxy */;
			sourceTree = BUILT_PRODUCTS_DIR;
		};
		209B296E1FFD3F0B003D2BD6 /* SQLiteTests iOS.xctest */ = {
			isa = PBXReferenceProxy;
			fileType = wrapper.cfbundle;
			path = "SQLiteTests iOS.xctest";
			remoteRef = 209B296D1FFD3F0B003D2BD6 /* PBXContainerItemProxy */;
			sourceTree = BUILT_PRODUCTS_DIR;
		};
		209B29701FFD3F0B003D2BD6 /* SQLite.framework */ = {
			isa = PBXReferenceProxy;
			fileType = wrapper.framework;
			path = SQLite.framework;
			remoteRef = 209B296F1FFD3F0B003D2BD6 /* PBXContainerItemProxy */;
			sourceTree = BUILT_PRODUCTS_DIR;
		};
		209B29721FFD3F0B003D2BD6 /* SQLiteTests Mac.xctest */ = {
			isa = PBXReferenceProxy;
			fileType = wrapper.cfbundle;
			path = "SQLiteTests Mac.xctest";
			remoteRef = 209B29711FFD3F0B003D2BD6 /* PBXContainerItemProxy */;
			sourceTree = BUILT_PRODUCTS_DIR;
		};
		209B29741FFD3F0B003D2BD6 /* SQLite.framework */ = {
			isa = PBXReferenceProxy;
			fileType = wrapper.framework;
			path = SQLite.framework;
			remoteRef = 209B29731FFD3F0B003D2BD6 /* PBXContainerItemProxy */;
			sourceTree = BUILT_PRODUCTS_DIR;
		};
		209B29761FFD3F0B003D2BD6 /* SQLiteTests tvOS.xctest */ = {
			isa = PBXReferenceProxy;
			fileType = wrapper.cfbundle;
			path = "SQLiteTests tvOS.xctest";
			remoteRef = 209B29751FFD3F0B003D2BD6 /* PBXContainerItemProxy */;
			sourceTree = BUILT_PRODUCTS_DIR;
		};
		209B29781FFD3F0B003D2BD6 /* SQLite.framework */ = {
			isa = PBXReferenceProxy;
			fileType = wrapper.framework;
			path = SQLite.framework;
			remoteRef = 209B29771FFD3F0B003D2BD6 /* PBXContainerItemProxy */;
			sourceTree = BUILT_PRODUCTS_DIR;
		};
/* End PBXReferenceProxy section */

/* Begin PBXResourcesBuildPhase section */
		209B292B1FFD383B003D2BD6 /* Resources */ = {
			isa = PBXResourcesBuildPhase;
			buildActionMask = 2147483647;
			files = (
				209B293B1FFD383B003D2BD6 /* LaunchScreen.storyboard in Resources */,
				209B29381FFD383B003D2BD6 /* Assets.xcassets in Resources */,
				209B29361FFD383B003D2BD6 /* Main.storyboard in Resources */,
			);
			runOnlyForDeploymentPostprocessing = 0;
		};
/* End PBXResourcesBuildPhase section */

/* Begin PBXSourcesBuildPhase section */
		209B29291FFD383B003D2BD6 /* Sources */ = {
			isa = PBXSourcesBuildPhase;
			buildActionMask = 2147483647;
			files = (
				209B29331FFD383B003D2BD6 /* ViewController.swift in Sources */,
				209B29311FFD383B003D2BD6 /* AppDelegate.swift in Sources */,
			);
			runOnlyForDeploymentPostprocessing = 0;
		};
/* End PBXSourcesBuildPhase section */

/* Begin PBXTargetDependency section */
		209B295F1FFD3C0D003D2BD6 /* PBXTargetDependency */ = {
			isa = PBXTargetDependency;
			name = "SQLite iOS";
			targetProxy = 209B295E1FFD3C0D003D2BD6 /* PBXContainerItemProxy */;
		};
/* End PBXTargetDependency section */

/* Begin PBXVariantGroup section */
		209B29341FFD383B003D2BD6 /* Main.storyboard */ = {
			isa = PBXVariantGroup;
			children = (
				209B29351FFD383B003D2BD6 /* Base */,
			);
			name = Main.storyboard;
			sourceTree = "<group>";
		};
		209B29391FFD383B003D2BD6 /* LaunchScreen.storyboard */ = {
			isa = PBXVariantGroup;
			children = (
				209B293A1FFD383B003D2BD6 /* Base */,
			);
			name = LaunchScreen.storyboard;
			sourceTree = "<group>";
		};
/* End PBXVariantGroup section */

/* Begin XCBuildConfiguration section */
		209B293D1FFD383B003D2BD6 /* Debug */ = {
			isa = XCBuildConfiguration;
			buildSettings = {
				ALWAYS_SEARCH_USER_PATHS = NO;
				CLANG_ANALYZER_NONNULL = YES;
				CLANG_ANALYZER_NUMBER_OBJECT_CONVERSION = YES_AGGRESSIVE;
				CLANG_CXX_LANGUAGE_STANDARD = "gnu++14";
				CLANG_CXX_LIBRARY = "libc++";
				CLANG_ENABLE_MODULES = YES;
				CLANG_ENABLE_OBJC_ARC = YES;
				CLANG_WARN_BLOCK_CAPTURE_AUTORELEASING = YES;
				CLANG_WARN_BOOL_CONVERSION = YES;
				CLANG_WARN_COMMA = YES;
				CLANG_WARN_CONSTANT_CONVERSION = YES;
				CLANG_WARN_DIRECT_OBJC_ISA_USAGE = YES_ERROR;
				CLANG_WARN_DOCUMENTATION_COMMENTS = YES;
				CLANG_WARN_EMPTY_BODY = YES;
				CLANG_WARN_ENUM_CONVERSION = YES;
				CLANG_WARN_INFINITE_RECURSION = YES;
				CLANG_WARN_INT_CONVERSION = YES;
				CLANG_WARN_NON_LITERAL_NULL_CONVERSION = YES;
				CLANG_WARN_OBJC_LITERAL_CONVERSION = YES;
				CLANG_WARN_OBJC_ROOT_CLASS = YES_ERROR;
				CLANG_WARN_RANGE_LOOP_ANALYSIS = YES;
				CLANG_WARN_STRICT_PROTOTYPES = YES;
				CLANG_WARN_SUSPICIOUS_MOVE = YES;
				CLANG_WARN_UNGUARDED_AVAILABILITY = YES_AGGRESSIVE;
				CLANG_WARN_UNREACHABLE_CODE = YES;
				CLANG_WARN__DUPLICATE_METHOD_MATCH = YES;
				CODE_SIGN_IDENTITY = "iPhone Developer";
				COPY_PHASE_STRIP = NO;
				DEBUG_INFORMATION_FORMAT = dwarf;
				ENABLE_STRICT_OBJC_MSGSEND = YES;
				ENABLE_TESTABILITY = YES;
				GCC_C_LANGUAGE_STANDARD = gnu11;
				GCC_DYNAMIC_NO_PIC = NO;
				GCC_NO_COMMON_BLOCKS = YES;
				GCC_OPTIMIZATION_LEVEL = 0;
				GCC_PREPROCESSOR_DEFINITIONS = (
					"DEBUG=1",
					"$(inherited)",
				);
				GCC_WARN_64_TO_32_BIT_CONVERSION = YES;
				GCC_WARN_ABOUT_RETURN_TYPE = YES_ERROR;
				GCC_WARN_UNDECLARED_SELECTOR = YES;
				GCC_WARN_UNINITIALIZED_AUTOS = YES_AGGRESSIVE;
				GCC_WARN_UNUSED_FUNCTION = YES;
				GCC_WARN_UNUSED_VARIABLE = YES;
				IPHONEOS_DEPLOYMENT_TARGET = 11.2;
				MTL_ENABLE_DEBUG_INFO = YES;
				ONLY_ACTIVE_ARCH = YES;
				SDKROOT = iphoneos;
				SWIFT_ACTIVE_COMPILATION_CONDITIONS = DEBUG;
				SWIFT_OPTIMIZATION_LEVEL = "-Onone";
			};
			name = Debug;
		};
		209B293E1FFD383B003D2BD6 /* Release */ = {
			isa = XCBuildConfiguration;
			buildSettings = {
				ALWAYS_SEARCH_USER_PATHS = NO;
				CLANG_ANALYZER_NONNULL = YES;
				CLANG_ANALYZER_NUMBER_OBJECT_CONVERSION = YES_AGGRESSIVE;
				CLANG_CXX_LANGUAGE_STANDARD = "gnu++14";
				CLANG_CXX_LIBRARY = "libc++";
				CLANG_ENABLE_MODULES = YES;
				CLANG_ENABLE_OBJC_ARC = YES;
				CLANG_WARN_BLOCK_CAPTURE_AUTORELEASING = YES;
				CLANG_WARN_BOOL_CONVERSION = YES;
				CLANG_WARN_COMMA = YES;
				CLANG_WARN_CONSTANT_CONVERSION = YES;
				CLANG_WARN_DIRECT_OBJC_ISA_USAGE = YES_ERROR;
				CLANG_WARN_DOCUMENTATION_COMMENTS = YES;
				CLANG_WARN_EMPTY_BODY = YES;
				CLANG_WARN_ENUM_CONVERSION = YES;
				CLANG_WARN_INFINITE_RECURSION = YES;
				CLANG_WARN_INT_CONVERSION = YES;
				CLANG_WARN_NON_LITERAL_NULL_CONVERSION = YES;
				CLANG_WARN_OBJC_LITERAL_CONVERSION = YES;
				CLANG_WARN_OBJC_ROOT_CLASS = YES_ERROR;
				CLANG_WARN_RANGE_LOOP_ANALYSIS = YES;
				CLANG_WARN_STRICT_PROTOTYPES = YES;
				CLANG_WARN_SUSPICIOUS_MOVE = YES;
				CLANG_WARN_UNGUARDED_AVAILABILITY = YES_AGGRESSIVE;
				CLANG_WARN_UNREACHABLE_CODE = YES;
				CLANG_WARN__DUPLICATE_METHOD_MATCH = YES;
				CODE_SIGN_IDENTITY = "iPhone Developer";
				COPY_PHASE_STRIP = NO;
				DEBUG_INFORMATION_FORMAT = "dwarf-with-dsym";
				ENABLE_NS_ASSERTIONS = NO;
				ENABLE_STRICT_OBJC_MSGSEND = YES;
				GCC_C_LANGUAGE_STANDARD = gnu11;
				GCC_NO_COMMON_BLOCKS = YES;
				GCC_WARN_64_TO_32_BIT_CONVERSION = YES;
				GCC_WARN_ABOUT_RETURN_TYPE = YES_ERROR;
				GCC_WARN_UNDECLARED_SELECTOR = YES;
				GCC_WARN_UNINITIALIZED_AUTOS = YES_AGGRESSIVE;
				GCC_WARN_UNUSED_FUNCTION = YES;
				GCC_WARN_UNUSED_VARIABLE = YES;
				IPHONEOS_DEPLOYMENT_TARGET = 11.2;
				MTL_ENABLE_DEBUG_INFO = NO;
				SDKROOT = iphoneos;
				SWIFT_OPTIMIZATION_LEVEL = "-Owholemodule";
				VALIDATE_PRODUCT = YES;
			};
			name = Release;
		};
		209B29401FFD383B003D2BD6 /* Debug */ = {
			isa = XCBuildConfiguration;
			buildSettings = {
				ALWAYS_EMBED_SWIFT_STANDARD_LIBRARIES = YES;
				ASSETCATALOG_COMPILER_APPICON_NAME = AppIcon;
				CODE_SIGN_STYLE = Automatic;
				DEVELOPMENT_TEAM = 5M2592277G;
				INFOPLIST_FILE = "$(SRCROOT)/SQLites/Info.plist";
				LD_RUNPATH_SEARCH_PATHS = "$(inherited) @executable_path/Frameworks";
				PRODUCT_BUNDLE_IDENTIFIER = com.lucasnoracapps.SQLite;
				PRODUCT_NAME = "$(TARGET_NAME)";
				SWIFT_VERSION = 4.0;
				TARGETED_DEVICE_FAMILY = "1,2";
			};
			name = Debug;
		};
		209B29411FFD383B003D2BD6 /* Release */ = {
			isa = XCBuildConfiguration;
			buildSettings = {
				ALWAYS_EMBED_SWIFT_STANDARD_LIBRARIES = YES;
				ASSETCATALOG_COMPILER_APPICON_NAME = AppIcon;
				CODE_SIGN_STYLE = Automatic;
				DEVELOPMENT_TEAM = 5M2592277G;
				INFOPLIST_FILE = "$(SRCROOT)/SQLites/Info.plist";
				LD_RUNPATH_SEARCH_PATHS = "$(inherited) @executable_path/Frameworks";
				PRODUCT_BUNDLE_IDENTIFIER = com.lucasnoracapps.SQLite;
				PRODUCT_NAME = "$(TARGET_NAME)";
				SWIFT_VERSION = 4.0;
				TARGETED_DEVICE_FAMILY = "1,2";
			};
			name = Release;
		};
/* End XCBuildConfiguration section */

/* Begin XCConfigurationList section */
		209B29281FFD383A003D2BD6 /* Build configuration list for PBXProject "SQLites" */ = {
			isa = XCConfigurationList;
			buildConfigurations = (
				209B293D1FFD383B003D2BD6 /* Debug */,
				209B293E1FFD383B003D2BD6 /* Release */,
			);
			defaultConfigurationIsVisible = 0;
			defaultConfigurationName = Release;
		};
		209B293F1FFD383B003D2BD6 /* Build configuration list for PBXNativeTarget "SQLites" */ = {
			isa = XCConfigurationList;
			buildConfigurations = (
				209B29401FFD383B003D2BD6 /* Debug */,
				209B29411FFD383B003D2BD6 /* Release */,
			);
			defaultConfigurationIsVisible = 0;
			defaultConfigurationName = Release;
		};
/* End XCConfigurationList section */
	};
	rootObject = 209B29251FFD383A003D2BD6 /* Project object */;
}
